
Microsoft Visual Studio Solution File, Format Version 12.00
# Visual Studio Version 16
VisualStudioVersion = 16.0.30413.136
MinimumVisualStudioVersion = 10.0.40219.1
Project("{FAE04EC0-301F-11D3-BF4B-00C04F79EFBC}") = "solar_p", "solar_p.csproj", "{3F683BD8-6D39-461B-8067-FE9659FBEF9F}"
EndProject
Global
	GlobalSection(SolutionConfigurationPlatforms) = preSolution
		Debug|Any CPU = Debug|Any CPU
		Release|Any CPU = Release|Any CPU
	EndGlobalSection
	GlobalSection(ProjectConfigurationPlatforms) = postSolution
		{3F683BD8-6D39-461B-8067-FE9659FBEF9F}.Debug|Any CPU.ActiveCfg = Debug|Any CPU
		{3F683BD8-6D39-461B-8067-FE9659FBEF9F}.Debug|Any CPU.Build.0 = Debug|Any CPU
		{3F683BD8-6D39-461B-8067-FE9659FBEF9F}.Release|Any CPU.ActiveCfg = Release|Any CPU
		{3F683BD8-6D39-461B-8067-FE9659FBEF9F}.Release|Any CPU.Build.0 = Release|Any CPU
	EndGlobalSection
	GlobalSection(SolutionProperties) = preSolution
		HideSolutionNode = FALSE
	EndGlobalSection
	GlobalSection(ExtensibilityGlobals) = postSolution
		SolutionGuid = {184614E5-32AF-4C82-ABBD-FB46B5BF2BAE}
	EndGlobalSection
EndGlobal
